
Microsoft Visual Studio Solution File, Format Version 12.00
Project("{FAE04EC0-301F-11D3-BF4B-00C04F79EFBC}") = "CQMParse", "CQMParse\CQMParse.csproj", "{12D47D46-B276-4AE9-9ACC-B1A2B3124B2A}"
EndProject
Global
	GlobalSection(SolutionConfigurationPlatforms) = preSolution
		Debug|Any CPU = Debug|Any CPU
		Release|Any CPU = Release|Any CPU
	EndGlobalSection
	GlobalSection(ProjectConfigurationPlatforms) = postSolution
		{12D47D46-B276-4AE9-9ACC-B1A2B3124B2A}.Debug|Any CPU.ActiveCfg = Debug|Any CPU
		{12D47D46-B276-4AE9-9ACC-B1A2B3124B2A}.Debug|Any CPU.Build.0 = Debug|Any CPU
		{12D47D46-B276-4AE9-9ACC-B1A2B3124B2A}.Release|Any CPU.ActiveCfg = Release|Any CPU
		{12D47D46-B276-4AE9-9ACC-B1A2B3124B2A}.Release|Any CPU.Build.0 = Release|Any CPU
	EndGlobalSection
EndGlobal
